
Microsoft Visual Studio Solution File, Format Version 12.00
Project("{FAE04EC0-301F-11D3-BF4B-00C04F79EFBC}") = "ECommerce.Catalog.Api", "ECommerce.Catalog.Api.csproj", "{87E43C62-06F8-4644-A9E5-8EDFA451F756}"
EndProject
Global
	GlobalSection(SolutionConfigurationPlatforms) = preSolution
		Debug|Any CPU = Debug|Any CPU
		Release|Any CPU = Release|Any CPU
	EndGlobalSection
	GlobalSection(ProjectConfigurationPlatforms) = postSolution
		{87E43C62-06F8-4644-A9E5-8EDFA451F756}.Debug|Any CPU.ActiveCfg = Debug|Any CPU
		{87E43C62-06F8-4644-A9E5-8EDFA451F756}.Debug|Any CPU.Build.0 = Debug|Any CPU
		{87E43C62-06F8-4644-A9E5-8EDFA451F756}.Release|Any CPU.ActiveCfg = Release|Any CPU
		{87E43C62-06F8-4644-A9E5-8EDFA451F756}.Release|Any CPU.Build.0 = Release|Any CPU
	EndGlobalSection
EndGlobal
